// !$*UTF8*$!
{
	archiveVersion = 1;
	classes = {
	};
	objectVersion = 50;
	objects = {

/* Begin PBXBuildFile section */
		5A71A48B262515A500E9A951 /* AppDelegate.swift in Sources */ = {isa = PBXBuildFile; fileRef = 5A71A48A262515A500E9A951 /* AppDelegate.swift */; };
		5A71A48D262515A500E9A951 /* SceneDelegate.swift in Sources */ = {isa = PBXBuildFile; fileRef = 5A71A48C262515A500E9A951 /* SceneDelegate.swift */; };
		5A71A48F262515A500E9A951 /* ViewController.swift in Sources */ = {isa = PBXBuildFile; fileRef = 5A71A48E262515A500E9A951 /* ViewController.swift */; };
		5A71A492262515A500E9A951 /* Main.storyboard in Resources */ = {isa = PBXBuildFile; fileRef = 5A71A490262515A500E9A951 /* Main.storyboard */; };
		5A71A494262515A900E9A951 /* Assets.xcassets in Resources */ = {isa = PBXBuildFile; fileRef = 5A71A493262515A900E9A951 /* Assets.xcassets */; };
		5A71A497262515A900E9A951 /* LaunchScreen.storyboard in Resources */ = {isa = PBXBuildFile; fileRef = 5A71A495262515A900E9A951 /* LaunchScreen.storyboard */; };
		5A71A4A0262516E400E9A951 /* Medicamento.swift in Sources */ = {isa = PBXBuildFile; fileRef = 5A71A49F262516E400E9A951 /* Medicamento.swift */; };
		5A71A4A3262542DB00E9A951 /* detalleViewController.swift in Sources */ = {isa = PBXBuildFile; fileRef = 5A71A4A2262542DB00E9A951 /* detalleViewController.swift */; };
/* End PBXBuildFile section */

/* Begin PBXFileReference section */
		5A71A487262515A500E9A951 /* jsonFarmacia.app */ = {isa = PBXFileReference; explicitFileType = wrapper.application; includeInIndex = 0; path = jsonFarmacia.app; sourceTree = BUILT_PRODUCTS_DIR; };
		5A71A48A262515A500E9A951 /* AppDelegate.swift */ = {isa = PBXFileReference; lastKnownFileType = sourcecode.swift; path = AppDelegate.swift; sourceTree = "<group>"; };
		5A71A48C262515A500E9A951 /* SceneDelegate.swift */ = {isa = PBXFileReference; lastKnownFileType = sourcecode.swift; path = SceneDelegate.swift; sourceTree = "<group>"; };
		5A71A48E262515A500E9A951 /* ViewController.swift */ = {isa = PBXFileReference; lastKnownFileType = sourcecode.swift; path = ViewController.swift; sourceTree = "<group>"; };
		5A71A491262515A500E9A951 /* Base */ = {isa = PBXFileReference; lastKnownFileType = file.storyboard; name = Base; path = Base.lproj/Main.storyboard; sourceTree = "<group>"; };
		5A71A493262515A900E9A951 /* Assets.xcassets */ = {isa = PBXFileReference; lastKnownFileType = folder.assetcatalog; path = Assets.xcassets; sourceTree = "<group>"; };
		5A71A496262515A900E9A951 /* Base */ = {isa = PBXFileReference; lastKnownFileType = file.storyboard; name = Base; path = Base.lproj/LaunchScreen.storyboard; sourceTree = "<group>"; };
		5A71A498262515A900E9A951 /* Info.plist */ = {isa = PBXFileReference; lastKnownFileType = text.plist.xml; path = Info.plist; sourceTree = "<group>"; };
		5A71A49F262516E400E9A951 /* Medicamento.swift */ = {isa = PBXFileReference; lastKnownFileType = sourcecode.swift; path = Medicamento.swift; sourceTree = "<group>"; };
		5A71A4A2262542DB00E9A951 /* detalleViewController.swift */ = {isa = PBXFileReference; lastKnownFileType = sourcecode.swift; path = detalleViewController.swift; sourceTree = "<group>"; };
/* End PBXFileReference section */

/* Begin PBXFrameworksBuildPhase section */
		5A71A484262515A500E9A951 /* Frameworks */ = {
			isa = PBXFrameworksBuildPhase;
			buildActionMask = 2147483647;
			files = (
			);
			runOnlyForDeploymentPostprocessing = 0;
		};
/* End PBXFrameworksBuildPhase section */

/* Begin PBXGroup section */
		5A71A47E262515A500E9A951 = {
			isa = PBXGroup;
			children = (
				5A71A489262515A500E9A951 /* jsonFarmacia */,
				5A71A488262515A500E9A951 /* Products */,
			);
			sourceTree = "<group>";
		};
		5A71A488262515A500E9A951 /* Products */ = {
			isa = PBXGroup;
			children = (
				5A71A487262515A500E9A951 /* jsonFarmacia.app */,
			);
			name = Products;
			sourceTree = "<group>";
		};
		5A71A489262515A500E9A951 /* jsonFarmacia */ = {
			isa = PBXGroup;
			children = (
				5A71A48A262515A500E9A951 /* AppDelegate.swift */,
				5A71A48C262515A500E9A951 /* SceneDelegate.swift */,
				5A71A48E262515A500E9A951 /* ViewController.swift */,
				5A71A49F262516E400E9A951 /* Medicamento.swift */,
				5A71A4A2262542DB00E9A951 /* detalleViewController.swift */,
				5A71A490262515A500E9A951 /* Main.storyboard */,
				5A71A493262515A900E9A951 /* Assets.xcassets */,
				5A71A495262515A900E9A951 /* LaunchScreen.storyboard */,
				5A71A498262515A900E9A951 /* Info.plist */,
			);
			path = jsonFarmacia;
			sourceTree = "<group>";
		};
/* End PBXGroup section */

/* Begin PBXNativeTarget section */
		5A71A486262515A500E9A951 /* jsonFarmacia */ = {
			isa = PBXNativeTarget;
			buildConfigurationList = 5A71A49B262515A900E9A951 /* Build configuration list for PBXNativeTarget "jsonFarmacia" */;
			buildPhases = (
				5A71A483262515A500E9A951 /* Sources */,
				5A71A484262515A500E9A951 /* Frameworks */,
				5A71A485262515A500E9A951 /* Resources */,
			);
			buildRules = (
			);
			dependencies = (
			);
			name = jsonFarmacia;
			productName = jsonFarmacia;
			productReference = 5A71A487262515A500E9A951 /* jsonFarmacia.app */;
			productType = "com.apple.product-type.application";
		};
/* End PBXNativeTarget section */

/* Begin PBXProject section */
		5A71A47F262515A500E9A951 /* Project object */ = {
			isa = PBXProject;
			attributes = {
				LastSwiftUpdateCheck = 1240;
				LastUpgradeCheck = 1240;
				TargetAttributes = {
					5A71A486262515A500E9A951 = {
						CreatedOnToolsVersion = 12.4;
					};
				};
			};
			buildConfigurationList = 5A71A482262515A500E9A951 /* Build configuration list for PBXProject "jsonFarmacia" */;
			compatibilityVersion = "Xcode 9.3";
			developmentRegion = en;
			hasScannedForEncodings = 0;
			knownRegions = (
				en,
				Base,
			);
			mainGroup = 5A71A47E262515A500E9A951;
			productRefGroup = 5A71A488262515A500E9A951 /* Products */;
			projectDirPath = "";
			projectRoot = "";
			targets = (
				5A71A486262515A500E9A951 /* jsonFarmacia */,
			);
		};
/* End PBXProject section */

/* Begin PBXResourcesBuildPhase section */
		5A71A485262515A500E9A951 /* Resources */ = {
			isa = PBXResourcesBuildPhase;
			buildActionMask = 2147483647;
			files = (
				5A71A497262515A900E9A951 /* LaunchScreen.storyboard in Resources */,
				5A71A494262515A900E9A951 /* Assets.xcassets in Resources */,
				5A71A492262515A500E9A951 /* Main.storyboard in Resources */,
			);
			runOnlyForDeploymentPostprocessing = 0;
		};
/* End PBXResourcesBuildPhase section */

/* Begin PBXSourcesBuildPhase section */
		5A71A483262515A500E9A951 /* Sources */ = {
			isa = PBXSourcesBuildPhase;
			buildActionMask = 2147483647;
			files = (
				5A71A48F262515A500E9A951 /* ViewController.swift in Sources */,
				5A71A48B262515A500E9A951 /* AppDelegate.swift in Sources */,
				5A71A4A3262542DB00E9A951 /* detalleViewController.swift in Sources */,
				5A71A4A0262516E400E9A951 /* Medicamento.swift in Sources */,
				5A71A48D262515A500E9A951 /* SceneDelegate.swift in Sources */,
			);
			runOnlyForDeploymentPostprocessing = 0;
		};
/* End PBXSourcesBuildPhase section */

/* Begin PBXVariantGroup section */
		5A71A490262515A500E9A951 /* Main.storyboard */ = {
			isa = PBXVariantGroup;
			children = (
				5A71A491262515A500E9A951 /* Base */,
			);
			name = Main.storyboard;
			sourceTree = "<group>";
		};
		5A71A495262515A900E9A951 /* LaunchScreen.storyboard */ = {
			isa = PBXVariantGroup;
			children = (
				5A71A496262515A900E9A951 /* Base */,
			);
			name = LaunchScreen.storyboard;
			sourceTree = "<group>";
		};
/* End PBXVariantGroup section */

/* Begin XCBuildConfiguration section */
		5A71A499262515A900E9A951 /* Debug */ = {
			isa = XCBuildConfiguration;
			buildSettings = {
				ALWAYS_SEARCH_USER_PATHS = NO;
				CLANG_ANALYZER_NONNULL = YES;
				CLANG_ANALYZER_NUMBER_OBJECT_CONVERSION = YES_AGGRESSIVE;
				CLANG_CXX_LANGUAGE_STANDARD = "gnu++14";
				CLANG_CXX_LIBRARY = "libc++";
				CLANG_ENABLE_MODULES = YES;
				CLANG_ENABLE_OBJC_ARC = YES;
				CLANG_ENABLE_OBJC_WEAK = YES;
				CLANG_WARN_BLOCK_CAPTURE_AUTORELEASING = YES;
				CLANG_WARN_BOOL_CONVERSION = YES;
				CLANG_WARN_COMMA = YES;
				CLANG_WARN_CONSTANT_CONVERSION = YES;
				CLANG_WARN_DEPRECATED_OBJC_IMPLEMENTATIONS = YES;
				CLANG_WARN_DIRECT_OBJC_ISA_USAGE = YES_ERROR;
				CLANG_WARN_DOCUMENTATION_COMMENTS = YES;
				CLANG_WARN_EMPTY_BODY = YES;
				CLANG_WARN_ENUM_CONVERSION = YES;
				CLANG_WARN_INFINITE_RECURSION = YES;
				CLANG_WARN_INT_CONVERSION = YES;
				CLANG_WARN_NON_LITERAL_NULL_CONVERSION = YES;
				CLANG_WARN_OBJC_IMPLICIT_RETAIN_SELF = YES;
				CLANG_WARN_OBJC_LITERAL_CONVERSION = YES;
				CLANG_WARN_OBJC_ROOT_CLASS = YES_ERROR;
				CLANG_WARN_QUOTED_INCLUDE_IN_FRAMEWORK_HEADER = YES;
				CLANG_WARN_RANGE_LOOP_ANALYSIS = YES;
				CLANG_WARN_STRICT_PROTOTYPES = YES;
				CLANG_WARN_SUSPICIOUS_MOVE = YES;
				CLANG_WARN_UNGUARDED_AVAILABILITY = YES_AGGRESSIVE;
				CLANG_WARN_UNREACHABLE_CODE = YES;
				CLANG_WARN__DUPLICATE_METHOD_MATCH = YES;
				COPY_PHASE_STRIP = NO;
				DEBUG_INFORMATION_FORMAT = dwarf;
				ENABLE_STRICT_OBJC_MSGSEND = YES;
				ENABLE_TESTABILITY = YES;
				GCC_C_LANGUAGE_STANDARD = gnu11;
				GCC_DYNAMIC_NO_PIC = NO;
				GCC_NO_COMMON_BLOCKS = YES;
				GCC_OPTIMIZATION_LEVEL = 0;
				GCC_PREPROCESSOR_DEFINITIONS = (
					"DEBUG=1",
					"$(inherited)",
				);
				GCC_WARN_64_TO_32_BIT_CONVERSION = YES;
				GCC_WARN_ABOUT_RETURN_TYPE = YES_ERROR;
				GCC_WARN_UNDECLARED_SELECTOR = YES;
				GCC_WARN_UNINITIALIZED_AUTOS = YES_AGGRESSIVE;
				GCC_WARN_UNUSED_FUNCTION = YES;
				GCC_WARN_UNUSED_VARIABLE = YES;
				IPHONEOS_DEPLOYMENT_TARGET = 14.4;
				MTL_ENABLE_DEBUG_INFO = INCLUDE_SOURCE;
				MTL_FAST_MATH = YES;
				ONLY_ACTIVE_ARCH = YES;
				SDKROOT = iphoneos;
				SWIFT_ACTIVE_COMPILATION_CONDITIONS = DEBUG;
				SWIFT_OPTIMIZATION_LEVEL = "-Onone";
			};
			name = Debug;
		};
		5A71A49A262515A900E9A951 /* Release */ = {
			isa = XCBuildConfiguration;
			buildSettings = {
				ALWAYS_SEARCH_USER_PATHS = NO;
				CLANG_ANALYZER_NONNULL = YES;
				CLANG_ANALYZER_NUMBER_OBJECT_CONVERSION = YES_AGGRESSIVE;
				CLANG_CXX_LANGUAGE_STANDARD = "gnu++14";
				CLANG_CXX_LIBRARY = "libc++";
				CLANG_ENABLE_MODULES = YES;
				CLANG_ENABLE_OBJC_ARC = YES;
				CLANG_ENABLE_OBJC_WEAK = YES;
				CLANG_WARN_BLOCK_CAPTURE_AUTORELEASING = YES;
				CLANG_WARN_BOOL_CONVERSION = YES;
				CLANG_WARN_COMMA = YES;
				CLANG_WARN_CONSTANT_CONVERSION = YES;
				CLANG_WARN_DEPRECATED_OBJC_IMPLEMENTATIONS = YES;
				CLANG_WARN_DIRECT_OBJC_ISA_USAGE = YES_ERROR;
				CLANG_WARN_DOCUMENTATION_COMMENTS = YES;
				CLANG_WARN_EMPTY_BODY = YES;
				CLANG_WARN_ENUM_CONVERSION = YES;
				CLANG_WARN_INFINITE_RECURSION = YES;
				CLANG_WARN_INT_CONVERSION = YES;
				CLANG_WARN_NON_LITERAL_NULL_CONVERSION = YES;
				CLANG_WARN_OBJC_IMPLICIT_RETAIN_SELF = YES;
				CLANG_WARN_OBJC_LITERAL_CONVERSION = YES;
				CLANG_WARN_OBJC_ROOT_CLASS = YES_ERROR;
				CLANG_WARN_QUOTED_INCLUDE_IN_FRAMEWORK_HEADER = YES;
				CLANG_WARN_RANGE_LOOP_ANALYSIS = YES;
				CLANG_WARN_STRICT_PROTOTYPES = YES;
				CLANG_WARN_SUSPICIOUS_MOVE = YES;
				CLANG_WARN_UNGUARDED_AVAILABILITY = YES_AGGRESSIVE;
				CLANG_WARN_UNREACHABLE_CODE = YES;
				CLANG_WARN__DUPLICATE_METHOD_MATCH = YES;
				COPY_PHASE_STRIP = NO;
				DEBUG_INFORMATION_FORMAT = "dwarf-with-dsym";
				ENABLE_NS_ASSERTIONS = NO;
				ENABLE_STRICT_OBJC_MSGSEND = YES;
				GCC_C_LANGUAGE_STANDARD = gnu11;
				GCC_NO_COMMON_BLOCKS = YES;
				GCC_WARN_64_TO_32_BIT_CONVERSION = YES;
				GCC_WARN_ABOUT_RETURN_TYPE = YES_ERROR;
				GCC_WARN_UNDECLARED_SELECTOR = YES;
				GCC_WARN_UNINITIALIZED_AUTOS = YES_AGGRESSIVE;
				GCC_WARN_UNUSED_FUNCTION = YES;
				GCC_WARN_UNUSED_VARIABLE = YES;
				IPHONEOS_DEPLOYMENT_TARGET = 14.4;
				MTL_ENABLE_DEBUG_INFO = NO;
				MTL_FAST_MATH = YES;
				SDKROOT = iphoneos;
				SWIFT_COMPILATION_MODE = wholemodule;
				SWIFT_OPTIMIZATION_LEVEL = "-O";
				VALIDATE_PRODUCT = YES;
			};
			name = Release;
		};
		5A71A49C262515A900E9A951 /* Debug */ = {
			isa = XCBuildConfiguration;
			buildSettings = {
				ASSETCATALOG_COMPILER_APPICON_NAME = AppIcon;
				ASSETCATALOG_COMPILER_GLOBAL_ACCENT_COLOR_NAME = AccentColor;
				CODE_SIGN_STYLE = Automatic;
				DEVELOPMENT_TEAM = 3CQG9T3VU9;
				INFOPLIST_FILE = jsonFarmacia/Info.plist;
				LD_RUNPATH_SEARCH_PATHS = (
					"$(inherited)",
					"@executable_path/Frameworks",
				);
				PRODUCT_BUNDLE_IDENTIFIER = maha.jsonFarmacia;
				PRODUCT_NAME = "$(TARGET_NAME)";
				SWIFT_VERSION = 5.0;
				TARGETED_DEVICE_FAMILY = "1,2";
			};
			name = Debug;
		};
		5A71A49D262515A900E9A951 /* Release */ = {
			isa = XCBuildConfiguration;
			buildSettings = {
				ASSETCATALOG_COMPILER_APPICON_NAME = AppIcon;
				ASSETCATALOG_COMPILER_GLOBAL_ACCENT_COLOR_NAME = AccentColor;
				CODE_SIGN_STYLE = Automatic;
				DEVELOPMENT_TEAM = 3CQG9T3VU9;
				INFOPLIST_FILE = jsonFarmacia/Info.plist;
				LD_RUNPATH_SEARCH_PATHS = (
					"$(inherited)",
					"@executable_path/Frameworks",
				);
				PRODUCT_BUNDLE_IDENTIFIER = maha.jsonFarmacia;
				PRODUCT_NAME = "$(TARGET_NAME)";
				SWIFT_VERSION = 5.0;
				TARGETED_DEVICE_FAMILY = "1,2";
			};
			name = Release;
		};
/* End XCBuildConfiguration section */

/* Begin XCConfigurationList section */
		5A71A482262515A500E9A951 /* Build configuration list for PBXProject "jsonFarmacia" */ = {
			isa = XCConfigurationList;
			buildConfigurations = (
				5A71A499262515A900E9A951 /* Debug */,
				5A71A49A262515A900E9A951 /* Release */,
			);
			defaultConfigurationIsVisible = 0;
			defaultConfigurationName = Release;
		};
		5A71A49B262515A900E9A951 /* Build configuration list for PBXNativeTarget "jsonFarmacia" */ = {
			isa = XCConfigurationList;
			buildConfigurations = (
				5A71A49C262515A900E9A951 /* Debug */,
				5A71A49D262515A900E9A951 /* Release */,
			);
			defaultConfigurationIsVisible = 0;
			defaultConfigurationName = Release;
		};
/* End XCConfigurationList section */
	};
	rootObject = 5A71A47F262515A500E9A951 /* Project object */;
}
